
Microsoft Visual Studio Solution File, Format Version 12.00
# Visual Studio 15
VisualStudioVersion = 15.0.28010.2048
MinimumVisualStudioVersion = 10.0.40219.1
Project("{9A19103F-16F7-4668-BE54-9A1E7A4F7556}") = "Library.Domain", "Library.Domain\Library.Domain.csproj", "{20BF2B10-18DA-4FE5-A8A7-A3DED0218AD3}"
EndProject
Project("{FAE04EC0-301F-11D3-BF4B-00C04F79EFBC}") = "Library.Application.Web", "Library.Application.Web\Library.Application.Web.csproj", "{A285202A-DAB1-484A-A54A-1BB54EB8EDE9}"
EndProject
Global
	GlobalSection(SolutionConfigurationPlatforms) = preSolution
		Debug|Any CPU = Debug|Any CPU
		Release|Any CPU = Release|Any CPU
	EndGlobalSection
	GlobalSection(ProjectConfigurationPlatforms) = postSolution
		{20BF2B10-18DA-4FE5-A8A7-A3DED0218AD3}.Debug|Any CPU.ActiveCfg = Debug|Any CPU
		{20BF2B10-18DA-4FE5-A8A7-A3DED0218AD3}.Debug|Any CPU.Build.0 = Debug|Any CPU
		{20BF2B10-18DA-4FE5-A8A7-A3DED0218AD3}.Release|Any CPU.ActiveCfg = Release|Any CPU
		{20BF2B10-18DA-4FE5-A8A7-A3DED0218AD3}.Release|Any CPU.Build.0 = Release|Any CPU
		{A285202A-DAB1-484A-A54A-1BB54EB8EDE9}.Debug|Any CPU.ActiveCfg = Debug|Any CPU
		{A285202A-DAB1-484A-A54A-1BB54EB8EDE9}.Debug|Any CPU.Build.0 = Debug|Any CPU
		{A285202A-DAB1-484A-A54A-1BB54EB8EDE9}.Release|Any CPU.ActiveCfg = Release|Any CPU
		{A285202A-DAB1-484A-A54A-1BB54EB8EDE9}.Release|Any CPU.Build.0 = Release|Any CPU
	EndGlobalSection
	GlobalSection(SolutionProperties) = preSolution
		HideSolutionNode = FALSE
	EndGlobalSection
	GlobalSection(ExtensibilityGlobals) = postSolution
		SolutionGuid = {D30D871A-DEC8-4AC1-B653-DF629729A7C5}
	EndGlobalSection
EndGlobal
