
Microsoft Visual Studio Solution File, Format Version 12.00
# Visual Studio Version 16
VisualStudioVersion = 16.0.29102.190
MinimumVisualStudioVersion = 10.0.40219.1
Project("{9A19103F-16F7-4668-BE54-9A1E7A4F7556}") = "Library.Domain", "Library.Domain\Library.Domain.csproj", "{20BF2B10-18DA-4FE5-A8A7-A3DED0218AD3}"
EndProject
Project("{2150E333-8FDC-42A3-9474-1A3956D46DE8}") = "Application", "Application", "{146AA205-D595-4454-811F-E8643B29A42F}"
EndProject
Project("{2150E333-8FDC-42A3-9474-1A3956D46DE8}") = "Domain", "Domain", "{5EC5C618-2E93-4155-B9CF-B8B782EA4274}"
EndProject
Project("{9A19103F-16F7-4668-BE54-9A1E7A4F7556}") = "Library.Application.Blazor", "Library.Application.Blazor\Library.Application.Blazor.csproj", "{4FF8E973-753D-4D39-86D8-68D304655BBD}"
EndProject
Project("{9A19103F-16F7-4668-BE54-9A1E7A4F7556}") = "Library.Common", "Library.Common\Library.Common.csproj", "{E00729FB-3591-4989-A017-AF5EC3D94E86}"
EndProject
Global
	GlobalSection(SolutionConfigurationPlatforms) = preSolution
		Debug|Any CPU = Debug|Any CPU
		Release|Any CPU = Release|Any CPU
	EndGlobalSection
	GlobalSection(ProjectConfigurationPlatforms) = postSolution
		{20BF2B10-18DA-4FE5-A8A7-A3DED0218AD3}.Debug|Any CPU.ActiveCfg = Debug|Any CPU
		{20BF2B10-18DA-4FE5-A8A7-A3DED0218AD3}.Debug|Any CPU.Build.0 = Debug|Any CPU
		{20BF2B10-18DA-4FE5-A8A7-A3DED0218AD3}.Release|Any CPU.ActiveCfg = Release|Any CPU
		{20BF2B10-18DA-4FE5-A8A7-A3DED0218AD3}.Release|Any CPU.Build.0 = Release|Any CPU
		{4FF8E973-753D-4D39-86D8-68D304655BBD}.Debug|Any CPU.ActiveCfg = Debug|Any CPU
		{4FF8E973-753D-4D39-86D8-68D304655BBD}.Debug|Any CPU.Build.0 = Debug|Any CPU
		{4FF8E973-753D-4D39-86D8-68D304655BBD}.Release|Any CPU.ActiveCfg = Release|Any CPU
		{4FF8E973-753D-4D39-86D8-68D304655BBD}.Release|Any CPU.Build.0 = Release|Any CPU
		{E00729FB-3591-4989-A017-AF5EC3D94E86}.Debug|Any CPU.ActiveCfg = Debug|Any CPU
		{E00729FB-3591-4989-A017-AF5EC3D94E86}.Debug|Any CPU.Build.0 = Debug|Any CPU
		{E00729FB-3591-4989-A017-AF5EC3D94E86}.Release|Any CPU.ActiveCfg = Release|Any CPU
		{E00729FB-3591-4989-A017-AF5EC3D94E86}.Release|Any CPU.Build.0 = Release|Any CPU
	EndGlobalSection
	GlobalSection(SolutionProperties) = preSolution
		HideSolutionNode = FALSE
	EndGlobalSection
	GlobalSection(NestedProjects) = preSolution
		{20BF2B10-18DA-4FE5-A8A7-A3DED0218AD3} = {5EC5C618-2E93-4155-B9CF-B8B782EA4274}
		{4FF8E973-753D-4D39-86D8-68D304655BBD} = {146AA205-D595-4454-811F-E8643B29A42F}
	EndGlobalSection
	GlobalSection(ExtensibilityGlobals) = postSolution
		SolutionGuid = {D30D871A-DEC8-4AC1-B653-DF629729A7C5}
	EndGlobalSection
EndGlobal
